
Microsoft Visual Studio Solution File, Format Version 12.00
# Visual Studio Version 17
VisualStudioVersion = 17.14.36908.2 d17.14
MinimumVisualStudioVersion = 10.0.40219.1
Project("{FAE04EC0-301F-11D3-BF4B-00C04F79EFBC}") = "FileSystemObserver", "FileSystemObserver\FileSystemObserver.csproj", "{05E305B3-B770-4CF4-B605-2E3B842AF030}"
EndProject
Global
	GlobalSection(SolutionConfigurationPlatforms) = preSolution
		Debug|Any CPU = Debug|Any CPU
		Release|Any CPU = Release|Any CPU
	EndGlobalSection
	GlobalSection(ProjectConfigurationPlatforms) = postSolution
		{05E305B3-B770-4CF4-B605-2E3B842AF030}.Debug|Any CPU.ActiveCfg = Debug|Any CPU
		{05E305B3-B770-4CF4-B605-2E3B842AF030}.Debug|Any CPU.Build.0 = Debug|Any CPU
		{05E305B3-B770-4CF4-B605-2E3B842AF030}.Release|Any CPU.ActiveCfg = Release|Any CPU
		{05E305B3-B770-4CF4-B605-2E3B842AF030}.Release|Any CPU.Build.0 = Release|Any CPU
	EndGlobalSection
	GlobalSection(SolutionProperties) = preSolution
		HideSolutionNode = FALSE
	EndGlobalSection
	GlobalSection(ExtensibilityGlobals) = postSolution
		SolutionGuid = {5AE43A14-FC51-4C3F-8A5B-F2627E7E9CD3}
	EndGlobalSection
EndGlobal
