
Microsoft Visual Studio Solution File, Format Version 12.00
# Visual Studio Version 17
VisualStudioVersion = 17.14.36908.2 d17.14
MinimumVisualStudioVersion = 10.0.40219.1
Project("{FAE04EC0-301F-11D3-BF4B-00C04F79EFBC}") = "GcAllocationLifetimeSizeSample", "GcAllocationLifetimeSizeSample\GcAllocationLifetimeSizeSample.csproj", "{2C28978E-15DE-4EFD-B38A-14F9D9B6EF6B}"
EndProject
Global
	GlobalSection(SolutionConfigurationPlatforms) = preSolution
		Debug|Any CPU = Debug|Any CPU
		Release|Any CPU = Release|Any CPU
	EndGlobalSection
	GlobalSection(ProjectConfigurationPlatforms) = postSolution
		{2C28978E-15DE-4EFD-B38A-14F9D9B6EF6B}.Debug|Any CPU.ActiveCfg = Debug|Any CPU
		{2C28978E-15DE-4EFD-B38A-14F9D9B6EF6B}.Debug|Any CPU.Build.0 = Debug|Any CPU
		{2C28978E-15DE-4EFD-B38A-14F9D9B6EF6B}.Release|Any CPU.ActiveCfg = Release|Any CPU
		{2C28978E-15DE-4EFD-B38A-14F9D9B6EF6B}.Release|Any CPU.Build.0 = Release|Any CPU
	EndGlobalSection
	GlobalSection(SolutionProperties) = preSolution
		HideSolutionNode = FALSE
	EndGlobalSection
	GlobalSection(ExtensibilityGlobals) = postSolution
		SolutionGuid = {941D275D-122A-4614-8803-A07C9096878A}
	EndGlobalSection
EndGlobal
